{
  "name": "coolie-mid-wordpress",
  "version": "1.2.0",
  "lockfileVersion": 1,
  "requires": true,
  "dependencies": {
    "blear.utils.access": {
      "version": "1.0.5",
      "resolved": "http://registry.npm.taobao.org/blear.utils.access/download/blear.utils.access-1.0.5.tgz",
      "integrity": "sha1-Sdnex3z9zSOrCwiHmwUw7K3k7iY=",
      "requires": {
        "blear.utils.array": "1.0.12",
        "blear.utils.collection": "1.0.4",
        "blear.utils.object": "1.0.14",
        "blear.utils.typeis": "1.0.3"
      }
    },
    "blear.utils.array": {
      "version": "1.0.12",
      "resolved": "http://registry.npm.taobao.org/blear.utils.array/download/blear.utils.array-1.0.12.tgz",
      "integrity": "sha1-Yje/gLO+MTdxR9kNb63JGp/md24=",
      "requires": {
        "blear.utils.typeis": "1.0.3"
      }
    },
    "blear.utils.collection": {
      "version": "1.0.4",
      "resolved": "http://registry.npm.taobao.org/blear.utils.collection/download/blear.utils.collection-1.0.4.tgz",
      "integrity": "sha1-FA28f83glrqYiytC7cdXSQWEmzE=",
      "requires": {
        "blear.utils.array": "1.0.12",
        "blear.utils.object": "1.0.14",
        "blear.utils.typeis": "1.0.3"
      }
    },
    "blear.utils.json": {
      "version": "1.0.5",
      "resolved": "http://registry.npm.taobao.org/blear.utils.json/download/blear.utils.json-1.0.5.tgz",
      "integrity": "sha1-6urtuLlYOC0zisaSefDXlSvIl/Y=",
      "requires": {
        "blear.utils.object": "1.0.14",
        "blear.utils.typeis": "1.0.3"
      }
    },
    "blear.utils.object": {
      "version": "1.0.14",
      "resolved": "http://registry.npm.taobao.org/blear.utils.object/download/blear.utils.object-1.0.14.tgz",
      "integrity": "sha1-bfkmlYQdUB/vYUqvNv/lC4R4GI0=",
      "requires": {
        "blear.utils.typeis": "1.0.3"
      }
    },
    "blear.utils.string": {
      "version": "1.0.9",
      "resolved": "http://registry.npm.taobao.org/blear.utils.string/download/blear.utils.string-1.0.9.tgz",
      "integrity": "sha1-WQX/8jtP0SVnL6vO83O1FDKT/7U=",
      "requires": {
        "blear.utils.access": "1.0.5",
        "blear.utils.array": "1.0.12",
        "blear.utils.json": "1.0.5",
        "blear.utils.object": "1.0.14",
        "blear.utils.typeis": "1.0.3"
      }
    },
    "blear.utils.typeis": {
      "version": "1.0.3",
      "resolved": "http://registry.npm.taobao.org/blear.utils.typeis/download/blear.utils.typeis-1.0.3.tgz",
      "integrity": "sha1-4u5r+8oHKbe1G6pZ2T1xa2jqxoY="
    }
  }
}
